// !$*UTF8*$!
{
	archiveVersion = 1;
	classes = {
	};
	objectVersion = 56;
	objects = {

/* Begin PBXBuildFile section */
		107DFCAD392DFC255C2419BD /* Pods_FinanceTracker.framework in Frameworks */ = {isa = PBXBuildFile; fileRef = 3E12132EA26C261760907367 /* Pods_FinanceTracker.framework */; };
		2256334A2A98A36100467180 /* TransactionCell.swift in Sources */ = {isa = PBXBuildFile; fileRef = 225633482A98A36100467180 /* TransactionCell.swift */; };
		2256334B2A98A36100467180 /* TransactionCell.xib in Resources */ = {isa = PBXBuildFile; fileRef = 225633492A98A36100467180 /* TransactionCell.xib */; };
		2256334D2A98ACEA00467180 /* HomeScreenPresenter.swift in Sources */ = {isa = PBXBuildFile; fileRef = 2256334C2A98ACEA00467180 /* HomeScreenPresenter.swift */; };
		22823CDE2A97ED4A0045C710 /* HomeScreenEntity.swift in Sources */ = {isa = PBXBuildFile; fileRef = 22823CDD2A97ED4A0045C710 /* HomeScreenEntity.swift */; };
		22D7A2552A8E2D7800CC5D26 /* AppDelegate.swift in Sources */ = {isa = PBXBuildFile; fileRef = 22D7A2542A8E2D7800CC5D26 /* AppDelegate.swift */; };
		22D7A2572A8E2D7800CC5D26 /* SceneDelegate.swift in Sources */ = {isa = PBXBuildFile; fileRef = 22D7A2562A8E2D7800CC5D26 /* SceneDelegate.swift */; };
		22D7A2592A8E2D7800CC5D26 /* ViewController.swift in Sources */ = {isa = PBXBuildFile; fileRef = 22D7A2582A8E2D7800CC5D26 /* ViewController.swift */; };
		22D7A25C2A8E2D7800CC5D26 /* Main.storyboard in Resources */ = {isa = PBXBuildFile; fileRef = 22D7A25A2A8E2D7800CC5D26 /* Main.storyboard */; };
		22D7A25F2A8E2D7800CC5D26 /* FinanceTracker.xcdatamodeld in Sources */ = {isa = PBXBuildFile; fileRef = 22D7A25D2A8E2D7800CC5D26 /* FinanceTracker.xcdatamodeld */; };
		22D7A2612A8E2D7A00CC5D26 /* Assets.xcassets in Resources */ = {isa = PBXBuildFile; fileRef = 22D7A2602A8E2D7A00CC5D26 /* Assets.xcassets */; };
		22D7A2642A8E2D7A00CC5D26 /* LaunchScreen.storyboard in Resources */ = {isa = PBXBuildFile; fileRef = 22D7A2622A8E2D7A00CC5D26 /* LaunchScreen.storyboard */; };
		22D7A26F2A8E2E7D00CC5D26 /* HomeScreenView.storyboard in Resources */ = {isa = PBXBuildFile; fileRef = 22D7A26E2A8E2E7D00CC5D26 /* HomeScreenView.storyboard */; };
		22D7A2712A8E2EF000CC5D26 /* HomeScreenView.swift in Sources */ = {isa = PBXBuildFile; fileRef = 22D7A2702A8E2EF000CC5D26 /* HomeScreenView.swift */; };
		22D7A2752A8E30DE00CC5D26 /* CustomTabBar.swift in Sources */ = {isa = PBXBuildFile; fileRef = 22D7A2742A8E30DE00CC5D26 /* CustomTabBar.swift */; };
		22D7A2772A8E38C500CC5D26 /* CustomTabBarController.swift in Sources */ = {isa = PBXBuildFile; fileRef = 22D7A2762A8E38C500CC5D26 /* CustomTabBarController.swift */; };
		22D7A2792A8E411600CC5D26 /* HomeScreenRouter.swift in Sources */ = {isa = PBXBuildFile; fileRef = 22D7A2782A8E411600CC5D26 /* HomeScreenRouter.swift */; };
		22D7A27B2A93263100CC5D26 /* CustomTabBarController.storyboard in Resources */ = {isa = PBXBuildFile; fileRef = 22D7A27A2A93263100CC5D26 /* CustomTabBarController.storyboard */; };
		22D7A27D2A932D3A00CC5D26 /* CustomTabBarRouter.swift in Sources */ = {isa = PBXBuildFile; fileRef = 22D7A27C2A932D3A00CC5D26 /* CustomTabBarRouter.swift */; };
/* End PBXBuildFile section */

/* Begin PBXFileReference section */
		225633482A98A36100467180 /* TransactionCell.swift */ = {isa = PBXFileReference; lastKnownFileType = sourcecode.swift; path = TransactionCell.swift; sourceTree = "<group>"; };
		225633492A98A36100467180 /* TransactionCell.xib */ = {isa = PBXFileReference; lastKnownFileType = file.xib; path = TransactionCell.xib; sourceTree = "<group>"; };
		2256334C2A98ACEA00467180 /* HomeScreenPresenter.swift */ = {isa = PBXFileReference; lastKnownFileType = sourcecode.swift; path = HomeScreenPresenter.swift; sourceTree = "<group>"; };
		22823CDD2A97ED4A0045C710 /* HomeScreenEntity.swift */ = {isa = PBXFileReference; lastKnownFileType = sourcecode.swift; path = HomeScreenEntity.swift; sourceTree = "<group>"; };
		22D7A2512A8E2D7800CC5D26 /* FinanceTracker.app */ = {isa = PBXFileReference; explicitFileType = wrapper.application; includeInIndex = 0; path = FinanceTracker.app; sourceTree = BUILT_PRODUCTS_DIR; };
		22D7A2542A8E2D7800CC5D26 /* AppDelegate.swift */ = {isa = PBXFileReference; lastKnownFileType = sourcecode.swift; path = AppDelegate.swift; sourceTree = "<group>"; };
		22D7A2562A8E2D7800CC5D26 /* SceneDelegate.swift */ = {isa = PBXFileReference; lastKnownFileType = sourcecode.swift; path = SceneDelegate.swift; sourceTree = "<group>"; };
		22D7A2582A8E2D7800CC5D26 /* ViewController.swift */ = {isa = PBXFileReference; lastKnownFileType = sourcecode.swift; path = ViewController.swift; sourceTree = "<group>"; };
		22D7A25B2A8E2D7800CC5D26 /* Base */ = {isa = PBXFileReference; lastKnownFileType = file.storyboard; name = Base; path = Base.lproj/Main.storyboard; sourceTree = "<group>"; };
		22D7A25E2A8E2D7800CC5D26 /* FinanceTracker.xcdatamodel */ = {isa = PBXFileReference; lastKnownFileType = wrapper.xcdatamodel; path = FinanceTracker.xcdatamodel; sourceTree = "<group>"; };
		22D7A2602A8E2D7A00CC5D26 /* Assets.xcassets */ = {isa = PBXFileReference; lastKnownFileType = folder.assetcatalog; path = Assets.xcassets; sourceTree = "<group>"; };
		22D7A2632A8E2D7A00CC5D26 /* Base */ = {isa = PBXFileReference; lastKnownFileType = file.storyboard; name = Base; path = Base.lproj/LaunchScreen.storyboard; sourceTree = "<group>"; };
		22D7A2652A8E2D7A00CC5D26 /* Info.plist */ = {isa = PBXFileReference; lastKnownFileType = text.plist.xml; path = Info.plist; sourceTree = "<group>"; };
		22D7A26E2A8E2E7D00CC5D26 /* HomeScreenView.storyboard */ = {isa = PBXFileReference; lastKnownFileType = file.storyboard; path = HomeScreenView.storyboard; sourceTree = "<group>"; };
		22D7A2702A8E2EF000CC5D26 /* HomeScreenView.swift */ = {isa = PBXFileReference; lastKnownFileType = sourcecode.swift; path = HomeScreenView.swift; sourceTree = "<group>"; };
		22D7A2742A8E30DE00CC5D26 /* CustomTabBar.swift */ = {isa = PBXFileReference; lastKnownFileType = sourcecode.swift; path = CustomTabBar.swift; sourceTree = "<group>"; };
		22D7A2762A8E38C500CC5D26 /* CustomTabBarController.swift */ = {isa = PBXFileReference; lastKnownFileType = sourcecode.swift; path = CustomTabBarController.swift; sourceTree = "<group>"; };
		22D7A2782A8E411600CC5D26 /* HomeScreenRouter.swift */ = {isa = PBXFileReference; lastKnownFileType = sourcecode.swift; path = HomeScreenRouter.swift; sourceTree = "<group>"; };
		22D7A27A2A93263100CC5D26 /* CustomTabBarController.storyboard */ = {isa = PBXFileReference; lastKnownFileType = file.storyboard; path = CustomTabBarController.storyboard; sourceTree = "<group>"; };
		22D7A27C2A932D3A00CC5D26 /* CustomTabBarRouter.swift */ = {isa = PBXFileReference; lastKnownFileType = sourcecode.swift; path = CustomTabBarRouter.swift; sourceTree = "<group>"; };
		3E12132EA26C261760907367 /* Pods_FinanceTracker.framework */ = {isa = PBXFileReference; explicitFileType = wrapper.framework; includeInIndex = 0; path = Pods_FinanceTracker.framework; sourceTree = BUILT_PRODUCTS_DIR; };
		86A0E71BD0659D160750DF41 /* Pods-FinanceTracker.debug.xcconfig */ = {isa = PBXFileReference; includeInIndex = 1; lastKnownFileType = text.xcconfig; name = "Pods-FinanceTracker.debug.xcconfig"; path = "Target Support Files/Pods-FinanceTracker/Pods-FinanceTracker.debug.xcconfig"; sourceTree = "<group>"; };
		E50BAF6C7B96A81C0D76BFCC /* Pods-FinanceTracker.release.xcconfig */ = {isa = PBXFileReference; includeInIndex = 1; lastKnownFileType = text.xcconfig; name = "Pods-FinanceTracker.release.xcconfig"; path = "Target Support Files/Pods-FinanceTracker/Pods-FinanceTracker.release.xcconfig"; sourceTree = "<group>"; };
/* End PBXFileReference section */

/* Begin PBXFrameworksBuildPhase section */
		22D7A24E2A8E2D7800CC5D26 /* Frameworks */ = {
			isa = PBXFrameworksBuildPhase;
			buildActionMask = 2147483647;
			files = (
				107DFCAD392DFC255C2419BD /* Pods_FinanceTracker.framework in Frameworks */,
			);
			runOnlyForDeploymentPostprocessing = 0;
		};
/* End PBXFrameworksBuildPhase section */

/* Begin PBXGroup section */
		225633472A98A34800467180 /* Cell */ = {
			isa = PBXGroup;
			children = (
				225633482A98A36100467180 /* TransactionCell.swift */,
				225633492A98A36100467180 /* TransactionCell.xib */,
			);
			path = Cell;
			sourceTree = "<group>";
		};
		22D7A2482A8E2D7800CC5D26 = {
			isa = PBXGroup;
			children = (
				22D7A2532A8E2D7800CC5D26 /* FinanceTracker */,
				22D7A2522A8E2D7800CC5D26 /* Products */,
				A8AA809173A910F0D1DA52C8 /* Pods */,
				5BB71B653E7328A0B37B9651 /* Frameworks */,
			);
			sourceTree = "<group>";
		};
		22D7A2522A8E2D7800CC5D26 /* Products */ = {
			isa = PBXGroup;
			children = (
				22D7A2512A8E2D7800CC5D26 /* FinanceTracker.app */,
			);
			name = Products;
			sourceTree = "<group>";
		};
		22D7A2532A8E2D7800CC5D26 /* FinanceTracker */ = {
			isa = PBXGroup;
			children = (
				22D7A26B2A8E2D9000CC5D26 /* Modules */,
				22D7A2542A8E2D7800CC5D26 /* AppDelegate.swift */,
				22D7A2562A8E2D7800CC5D26 /* SceneDelegate.swift */,
				22D7A2582A8E2D7800CC5D26 /* ViewController.swift */,
				22D7A25A2A8E2D7800CC5D26 /* Main.storyboard */,
				22D7A2602A8E2D7A00CC5D26 /* Assets.xcassets */,
				22D7A2622A8E2D7A00CC5D26 /* LaunchScreen.storyboard */,
				22D7A2652A8E2D7A00CC5D26 /* Info.plist */,
				22D7A25D2A8E2D7800CC5D26 /* FinanceTracker.xcdatamodeld */,
			);
			path = FinanceTracker;
			sourceTree = "<group>";
		};
		22D7A26B2A8E2D9000CC5D26 /* Modules */ = {
			isa = PBXGroup;
			children = (
				22D7A2732A8E30B100CC5D26 /* TabBar */,
				22D7A2722A8E30A200CC5D26 /* Common */,
				22D7A26D2A8E2E0400CC5D26 /* HomeScreen */,
			);
			path = Modules;
			sourceTree = "<group>";
		};
		22D7A26D2A8E2E0400CC5D26 /* HomeScreen */ = {
			isa = PBXGroup;
			children = (
				225633472A98A34800467180 /* Cell */,
				22D7A26E2A8E2E7D00CC5D26 /* HomeScreenView.storyboard */,
				22D7A2702A8E2EF000CC5D26 /* HomeScreenView.swift */,
				2256334C2A98ACEA00467180 /* HomeScreenPresenter.swift */,
				22823CDD2A97ED4A0045C710 /* HomeScreenEntity.swift */,
				22D7A2782A8E411600CC5D26 /* HomeScreenRouter.swift */,
			);
			path = HomeScreen;
			sourceTree = "<group>";
		};
		22D7A2722A8E30A200CC5D26 /* Common */ = {
			isa = PBXGroup;
			children = (
			);
			path = Common;
			sourceTree = "<group>";
		};
		22D7A2732A8E30B100CC5D26 /* TabBar */ = {
			isa = PBXGroup;
			children = (
				22D7A2742A8E30DE00CC5D26 /* CustomTabBar.swift */,
				22D7A2762A8E38C500CC5D26 /* CustomTabBarController.swift */,
				22D7A27C2A932D3A00CC5D26 /* CustomTabBarRouter.swift */,
				22D7A27A2A93263100CC5D26 /* CustomTabBarController.storyboard */,
			);
			path = TabBar;
			sourceTree = "<group>";
		};
		5BB71B653E7328A0B37B9651 /* Frameworks */ = {
			isa = PBXGroup;
			children = (
				3E12132EA26C261760907367 /* Pods_FinanceTracker.framework */,
			);
			name = Frameworks;
			sourceTree = "<group>";
		};
		A8AA809173A910F0D1DA52C8 /* Pods */ = {
			isa = PBXGroup;
			children = (
				86A0E71BD0659D160750DF41 /* Pods-FinanceTracker.debug.xcconfig */,
				E50BAF6C7B96A81C0D76BFCC /* Pods-FinanceTracker.release.xcconfig */,
			);
			path = Pods;
			sourceTree = "<group>";
		};
/* End PBXGroup section */

/* Begin PBXNativeTarget section */
		22D7A2502A8E2D7800CC5D26 /* FinanceTracker */ = {
			isa = PBXNativeTarget;
			buildConfigurationList = 22D7A2682A8E2D7A00CC5D26 /* Build configuration list for PBXNativeTarget "FinanceTracker" */;
			buildPhases = (
				E3290C660E164B0B4CE799AA /* [CP] Check Pods Manifest.lock */,
				22D7A24D2A8E2D7800CC5D26 /* Sources */,
				22D7A24E2A8E2D7800CC5D26 /* Frameworks */,
				22D7A24F2A8E2D7800CC5D26 /* Resources */,
				D225A178FA302784C599C588 /* [CP] Embed Pods Frameworks */,
			);
			buildRules = (
			);
			dependencies = (
			);
			name = FinanceTracker;
			productName = FinanceTracker;
			productReference = 22D7A2512A8E2D7800CC5D26 /* FinanceTracker.app */;
			productType = "com.apple.product-type.application";
		};
/* End PBXNativeTarget section */

/* Begin PBXProject section */
		22D7A2492A8E2D7800CC5D26 /* Project object */ = {
			isa = PBXProject;
			attributes = {
				BuildIndependentTargetsInParallel = 1;
				LastSwiftUpdateCheck = 1430;
				LastUpgradeCheck = 1430;
				TargetAttributes = {
					22D7A2502A8E2D7800CC5D26 = {
						CreatedOnToolsVersion = 14.3.1;
					};
				};
			};
			buildConfigurationList = 22D7A24C2A8E2D7800CC5D26 /* Build configuration list for PBXProject "FinanceTracker" */;
			compatibilityVersion = "Xcode 14.0";
			developmentRegion = en;
			hasScannedForEncodings = 0;
			knownRegions = (
				en,
				Base,
			);
			mainGroup = 22D7A2482A8E2D7800CC5D26;
			productRefGroup = 22D7A2522A8E2D7800CC5D26 /* Products */;
			projectDirPath = "";
			projectRoot = "";
			targets = (
				22D7A2502A8E2D7800CC5D26 /* FinanceTracker */,
			);
		};
/* End PBXProject section */

/* Begin PBXResourcesBuildPhase section */
		22D7A24F2A8E2D7800CC5D26 /* Resources */ = {
			isa = PBXResourcesBuildPhase;
			buildActionMask = 2147483647;
			files = (
				22D7A27B2A93263100CC5D26 /* CustomTabBarController.storyboard in Resources */,
				22D7A26F2A8E2E7D00CC5D26 /* HomeScreenView.storyboard in Resources */,
				2256334B2A98A36100467180 /* TransactionCell.xib in Resources */,
				22D7A2642A8E2D7A00CC5D26 /* LaunchScreen.storyboard in Resources */,
				22D7A2612A8E2D7A00CC5D26 /* Assets.xcassets in Resources */,
				22D7A25C2A8E2D7800CC5D26 /* Main.storyboard in Resources */,
			);
			runOnlyForDeploymentPostprocessing = 0;
		};
/* End PBXResourcesBuildPhase section */

/* Begin PBXShellScriptBuildPhase section */
		D225A178FA302784C599C588 /* [CP] Embed Pods Frameworks */ = {
			isa = PBXShellScriptBuildPhase;
			buildActionMask = 2147483647;
			files = (
			);
			inputFileListPaths = (
				"${PODS_ROOT}/Target Support Files/Pods-FinanceTracker/Pods-FinanceTracker-frameworks-${CONFIGURATION}-input-files.xcfilelist",
			);
			name = "[CP] Embed Pods Frameworks";
			outputFileListPaths = (
				"${PODS_ROOT}/Target Support Files/Pods-FinanceTracker/Pods-FinanceTracker-frameworks-${CONFIGURATION}-output-files.xcfilelist",
			);
			runOnlyForDeploymentPostprocessing = 0;
			shellPath = /bin/sh;
			shellScript = "\"${PODS_ROOT}/Target Support Files/Pods-FinanceTracker/Pods-FinanceTracker-frameworks.sh\"\n";
			showEnvVarsInLog = 0;
		};
		E3290C660E164B0B4CE799AA /* [CP] Check Pods Manifest.lock */ = {
			isa = PBXShellScriptBuildPhase;
			buildActionMask = 2147483647;
			files = (
			);
			inputFileListPaths = (
			);
			inputPaths = (
				"${PODS_PODFILE_DIR_PATH}/Podfile.lock",
				"${PODS_ROOT}/Manifest.lock",
			);
			name = "[CP] Check Pods Manifest.lock";
			outputFileListPaths = (
			);
			outputPaths = (
				"$(DERIVED_FILE_DIR)/Pods-FinanceTracker-checkManifestLockResult.txt",
			);
			runOnlyForDeploymentPostprocessing = 0;
			shellPath = /bin/sh;
			shellScript = "diff \"${PODS_PODFILE_DIR_PATH}/Podfile.lock\" \"${PODS_ROOT}/Manifest.lock\" > /dev/null\nif [ $? != 0 ] ; then\n    # print error to STDERR\n    echo \"error: The sandbox is not in sync with the Podfile.lock. Run 'pod install' or update your CocoaPods installation.\" >&2\n    exit 1\nfi\n# This output is used by Xcode 'outputs' to avoid re-running this script phase.\necho \"SUCCESS\" > \"${SCRIPT_OUTPUT_FILE_0}\"\n";
			showEnvVarsInLog = 0;
		};
/* End PBXShellScriptBuildPhase section */

/* Begin PBXSourcesBuildPhase section */
		22D7A24D2A8E2D7800CC5D26 /* Sources */ = {
			isa = PBXSourcesBuildPhase;
			buildActionMask = 2147483647;
			files = (
				22D7A2592A8E2D7800CC5D26 /* ViewController.swift in Sources */,
				2256334D2A98ACEA00467180 /* HomeScreenPresenter.swift in Sources */,
				2256334A2A98A36100467180 /* TransactionCell.swift in Sources */,
				22D7A2772A8E38C500CC5D26 /* CustomTabBarController.swift in Sources */,
				22D7A2552A8E2D7800CC5D26 /* AppDelegate.swift in Sources */,
				22D7A27D2A932D3A00CC5D26 /* CustomTabBarRouter.swift in Sources */,
				22D7A2792A8E411600CC5D26 /* HomeScreenRouter.swift in Sources */,
				22823CDE2A97ED4A0045C710 /* HomeScreenEntity.swift in Sources */,
				22D7A2712A8E2EF000CC5D26 /* HomeScreenView.swift in Sources */,
				22D7A2572A8E2D7800CC5D26 /* SceneDelegate.swift in Sources */,
				22D7A2752A8E30DE00CC5D26 /* CustomTabBar.swift in Sources */,
				22D7A25F2A8E2D7800CC5D26 /* FinanceTracker.xcdatamodeld in Sources */,
			);
			runOnlyForDeploymentPostprocessing = 0;
		};
/* End PBXSourcesBuildPhase section */

/* Begin PBXVariantGroup section */
		22D7A25A2A8E2D7800CC5D26 /* Main.storyboard */ = {
			isa = PBXVariantGroup;
			children = (
				22D7A25B2A8E2D7800CC5D26 /* Base */,
			);
			name = Main.storyboard;
			sourceTree = "<group>";
		};
		22D7A2622A8E2D7A00CC5D26 /* LaunchScreen.storyboard */ = {
			isa = PBXVariantGroup;
			children = (
				22D7A2632A8E2D7A00CC5D26 /* Base */,
			);
			name = LaunchScreen.storyboard;
			sourceTree = "<group>";
		};
/* End PBXVariantGroup section */

/* Begin XCBuildConfiguration section */
		22D7A2662A8E2D7A00CC5D26 /* Debug */ = {
			isa = XCBuildConfiguration;
			buildSettings = {
				ALWAYS_SEARCH_USER_PATHS = NO;
				CLANG_ANALYZER_NONNULL = YES;
				CLANG_ANALYZER_NUMBER_OBJECT_CONVERSION = YES_AGGRESSIVE;
				CLANG_CXX_LANGUAGE_STANDARD = "gnu++20";
				CLANG_ENABLE_MODULES = YES;
				CLANG_ENABLE_OBJC_ARC = YES;
				CLANG_ENABLE_OBJC_WEAK = YES;
				CLANG_WARN_BLOCK_CAPTURE_AUTORELEASING = YES;
				CLANG_WARN_BOOL_CONVERSION = YES;
				CLANG_WARN_COMMA = YES;
				CLANG_WARN_CONSTANT_CONVERSION = YES;
				CLANG_WARN_DEPRECATED_OBJC_IMPLEMENTATIONS = YES;
				CLANG_WARN_DIRECT_OBJC_ISA_USAGE = YES_ERROR;
				CLANG_WARN_DOCUMENTATION_COMMENTS = YES;
				CLANG_WARN_EMPTY_BODY = YES;
				CLANG_WARN_ENUM_CONVERSION = YES;
				CLANG_WARN_INFINITE_RECURSION = YES;
				CLANG_WARN_INT_CONVERSION = YES;
				CLANG_WARN_NON_LITERAL_NULL_CONVERSION = YES;
				CLANG_WARN_OBJC_IMPLICIT_RETAIN_SELF = YES;
				CLANG_WARN_OBJC_LITERAL_CONVERSION = YES;
				CLANG_WARN_OBJC_ROOT_CLASS = YES_ERROR;
				CLANG_WARN_QUOTED_INCLUDE_IN_FRAMEWORK_HEADER = YES;
				CLANG_WARN_RANGE_LOOP_ANALYSIS = YES;
				CLANG_WARN_STRICT_PROTOTYPES = YES;
				CLANG_WARN_SUSPICIOUS_MOVE = YES;
				CLANG_WARN_UNGUARDED_AVAILABILITY = YES_AGGRESSIVE;
				CLANG_WARN_UNREACHABLE_CODE = YES;
				CLANG_WARN__DUPLICATE_METHOD_MATCH = YES;
				COPY_PHASE_STRIP = NO;
				DEBUG_INFORMATION_FORMAT = dwarf;
				ENABLE_STRICT_OBJC_MSGSEND = YES;
				ENABLE_TESTABILITY = YES;
				GCC_C_LANGUAGE_STANDARD = gnu11;
				GCC_DYNAMIC_NO_PIC = NO;
				GCC_NO_COMMON_BLOCKS = YES;
				GCC_OPTIMIZATION_LEVEL = 0;
				GCC_PREPROCESSOR_DEFINITIONS = (
					"DEBUG=1",
					"$(inherited)",
				);
				GCC_WARN_64_TO_32_BIT_CONVERSION = YES;
				GCC_WARN_ABOUT_RETURN_TYPE = YES_ERROR;
				GCC_WARN_UNDECLARED_SELECTOR = YES;
				GCC_WARN_UNINITIALIZED_AUTOS = YES_AGGRESSIVE;
				GCC_WARN_UNUSED_FUNCTION = YES;
				GCC_WARN_UNUSED_VARIABLE = YES;
				IPHONEOS_DEPLOYMENT_TARGET = 16.4;
				MTL_ENABLE_DEBUG_INFO = INCLUDE_SOURCE;
				MTL_FAST_MATH = YES;
				ONLY_ACTIVE_ARCH = YES;
				SDKROOT = iphoneos;
				SWIFT_ACTIVE_COMPILATION_CONDITIONS = DEBUG;
				SWIFT_OPTIMIZATION_LEVEL = "-Onone";
			};
			name = Debug;
		};
		22D7A2672A8E2D7A00CC5D26 /* Release */ = {
			isa = XCBuildConfiguration;
			buildSettings = {
				ALWAYS_SEARCH_USER_PATHS = NO;
				CLANG_ANALYZER_NONNULL = YES;
				CLANG_ANALYZER_NUMBER_OBJECT_CONVERSION = YES_AGGRESSIVE;
				CLANG_CXX_LANGUAGE_STANDARD = "gnu++20";
				CLANG_ENABLE_MODULES = YES;
				CLANG_ENABLE_OBJC_ARC = YES;
				CLANG_ENABLE_OBJC_WEAK = YES;
				CLANG_WARN_BLOCK_CAPTURE_AUTORELEASING = YES;
				CLANG_WARN_BOOL_CONVERSION = YES;
				CLANG_WARN_COMMA = YES;
				CLANG_WARN_CONSTANT_CONVERSION = YES;
				CLANG_WARN_DEPRECATED_OBJC_IMPLEMENTATIONS = YES;
				CLANG_WARN_DIRECT_OBJC_ISA_USAGE = YES_ERROR;
				CLANG_WARN_DOCUMENTATION_COMMENTS = YES;
				CLANG_WARN_EMPTY_BODY = YES;
				CLANG_WARN_ENUM_CONVERSION = YES;
				CLANG_WARN_INFINITE_RECURSION = YES;
				CLANG_WARN_INT_CONVERSION = YES;
				CLANG_WARN_NON_LITERAL_NULL_CONVERSION = YES;
				CLANG_WARN_OBJC_IMPLICIT_RETAIN_SELF = YES;
				CLANG_WARN_OBJC_LITERAL_CONVERSION = YES;
				CLANG_WARN_OBJC_ROOT_CLASS = YES_ERROR;
				CLANG_WARN_QUOTED_INCLUDE_IN_FRAMEWORK_HEADER = YES;
				CLANG_WARN_RANGE_LOOP_ANALYSIS = YES;
				CLANG_WARN_STRICT_PROTOTYPES = YES;
				CLANG_WARN_SUSPICIOUS_MOVE = YES;
				CLANG_WARN_UNGUARDED_AVAILABILITY = YES_AGGRESSIVE;
				CLANG_WARN_UNREACHABLE_CODE = YES;
				CLANG_WARN__DUPLICATE_METHOD_MATCH = YES;
				COPY_PHASE_STRIP = NO;
				DEBUG_INFORMATION_FORMAT = "dwarf-with-dsym";
				ENABLE_NS_ASSERTIONS = NO;
				ENABLE_STRICT_OBJC_MSGSEND = YES;
				GCC_C_LANGUAGE_STANDARD = gnu11;
				GCC_NO_COMMON_BLOCKS = YES;
				GCC_WARN_64_TO_32_BIT_CONVERSION = YES;
				GCC_WARN_ABOUT_RETURN_TYPE = YES_ERROR;
				GCC_WARN_UNDECLARED_SELECTOR = YES;
				GCC_WARN_UNINITIALIZED_AUTOS = YES_AGGRESSIVE;
				GCC_WARN_UNUSED_FUNCTION = YES;
				GCC_WARN_UNUSED_VARIABLE = YES;
				IPHONEOS_DEPLOYMENT_TARGET = 16.4;
				MTL_ENABLE_DEBUG_INFO = NO;
				MTL_FAST_MATH = YES;
				SDKROOT = iphoneos;
				SWIFT_COMPILATION_MODE = wholemodule;
				SWIFT_OPTIMIZATION_LEVEL = "-O";
				VALIDATE_PRODUCT = YES;
			};
			name = Release;
		};
		22D7A2692A8E2D7A00CC5D26 /* Debug */ = {
			isa = XCBuildConfiguration;
			baseConfigurationReference = 86A0E71BD0659D160750DF41 /* Pods-FinanceTracker.debug.xcconfig */;
			buildSettings = {
				ASSETCATALOG_COMPILER_APPICON_NAME = AppIcon;
				ASSETCATALOG_COMPILER_GLOBAL_ACCENT_COLOR_NAME = AccentColor;
				CODE_SIGN_STYLE = Automatic;
				CURRENT_PROJECT_VERSION = 1;
				DEVELOPMENT_TEAM = 8WWR82GRZD;
				GENERATE_INFOPLIST_FILE = YES;
				INFOPLIST_FILE = FinanceTracker/Info.plist;
				INFOPLIST_KEY_UIApplicationSupportsIndirectInputEvents = YES;
				INFOPLIST_KEY_UILaunchStoryboardName = LaunchScreen;
				INFOPLIST_KEY_UIMainStoryboardFile = Main;
				INFOPLIST_KEY_UISupportedInterfaceOrientations_iPad = "UIInterfaceOrientationPortrait UIInterfaceOrientationPortraitUpsideDown UIInterfaceOrientationLandscapeLeft UIInterfaceOrientationLandscapeRight";
				INFOPLIST_KEY_UISupportedInterfaceOrientations_iPhone = "UIInterfaceOrientationPortrait UIInterfaceOrientationLandscapeLeft UIInterfaceOrientationLandscapeRight";
				LD_RUNPATH_SEARCH_PATHS = (
					"$(inherited)",
					"@executable_path/Frameworks",
				);
				MARKETING_VERSION = 1.0;
				PRODUCT_BUNDLE_IDENTIFIER = com.ardy.FinanceTracker;
				PRODUCT_NAME = "$(TARGET_NAME)";
				SWIFT_EMIT_LOC_STRINGS = YES;
				SWIFT_VERSION = 5.0;
				TARGETED_DEVICE_FAMILY = "1,2";
			};
			name = Debug;
		};
		22D7A26A2A8E2D7A00CC5D26 /* Release */ = {
			isa = XCBuildConfiguration;
			baseConfigurationReference = E50BAF6C7B96A81C0D76BFCC /* Pods-FinanceTracker.release.xcconfig */;
			buildSettings = {
				ASSETCATALOG_COMPILER_APPICON_NAME = AppIcon;
				ASSETCATALOG_COMPILER_GLOBAL_ACCENT_COLOR_NAME = AccentColor;
				CODE_SIGN_STYLE = Automatic;
				CURRENT_PROJECT_VERSION = 1;
				DEVELOPMENT_TEAM = 8WWR82GRZD;
				GENERATE_INFOPLIST_FILE = YES;
				INFOPLIST_FILE = FinanceTracker/Info.plist;
				INFOPLIST_KEY_UIApplicationSupportsIndirectInputEvents = YES;
				INFOPLIST_KEY_UILaunchStoryboardName = LaunchScreen;
				INFOPLIST_KEY_UIMainStoryboardFile = Main;
				INFOPLIST_KEY_UISupportedInterfaceOrientations_iPad = "UIInterfaceOrientationPortrait UIInterfaceOrientationPortraitUpsideDown UIInterfaceOrientationLandscapeLeft UIInterfaceOrientationLandscapeRight";
				INFOPLIST_KEY_UISupportedInterfaceOrientations_iPhone = "UIInterfaceOrientationPortrait UIInterfaceOrientationLandscapeLeft UIInterfaceOrientationLandscapeRight";
				LD_RUNPATH_SEARCH_PATHS = (
					"$(inherited)",
					"@executable_path/Frameworks",
				);
				MARKETING_VERSION = 1.0;
				PRODUCT_BUNDLE_IDENTIFIER = com.ardy.FinanceTracker;
				PRODUCT_NAME = "$(TARGET_NAME)";
				SWIFT_EMIT_LOC_STRINGS = YES;
				SWIFT_VERSION = 5.0;
				TARGETED_DEVICE_FAMILY = "1,2";
			};
			name = Release;
		};
/* End XCBuildConfiguration section */

/* Begin XCConfigurationList section */
		22D7A24C2A8E2D7800CC5D26 /* Build configuration list for PBXProject "FinanceTracker" */ = {
			isa = XCConfigurationList;
			buildConfigurations = (
				22D7A2662A8E2D7A00CC5D26 /* Debug */,
				22D7A2672A8E2D7A00CC5D26 /* Release */,
			);
			defaultConfigurationIsVisible = 0;
			defaultConfigurationName = Release;
		};
		22D7A2682A8E2D7A00CC5D26 /* Build configuration list for PBXNativeTarget "FinanceTracker" */ = {
			isa = XCConfigurationList;
			buildConfigurations = (
				22D7A2692A8E2D7A00CC5D26 /* Debug */,
				22D7A26A2A8E2D7A00CC5D26 /* Release */,
			);
			defaultConfigurationIsVisible = 0;
			defaultConfigurationName = Release;
		};
/* End XCConfigurationList section */

/* Begin XCVersionGroup section */
		22D7A25D2A8E2D7800CC5D26 /* FinanceTracker.xcdatamodeld */ = {
			isa = XCVersionGroup;
			children = (
				22D7A25E2A8E2D7800CC5D26 /* FinanceTracker.xcdatamodel */,
			);
			currentVersion = 22D7A25E2A8E2D7800CC5D26 /* FinanceTracker.xcdatamodel */;
			path = FinanceTracker.xcdatamodeld;
			sourceTree = "<group>";
			versionGroupType = wrapper.xcdatamodel;
		};
/* End XCVersionGroup section */
	};
	rootObject = 22D7A2492A8E2D7800CC5D26 /* Project object */;
}
